// !$*UTF8*$!
{
	archiveVersion = 1;
	classes = {
	};
	objectVersion = 50;
	objects = {

/* Begin PBXBuildFile section */
		C75E0F23207E109000270791 /* AppDelegate.swift in Sources */ = {isa = PBXBuildFile; fileRef = C75E0F22207E109000270791 /* AppDelegate.swift */; };
		C75E0F25207E109000270791 /* ViewController.swift in Sources */ = {isa = PBXBuildFile; fileRef = C75E0F24207E109000270791 /* ViewController.swift */; };
		C75E0F28207E109000270791 /* Main.storyboard in Resources */ = {isa = PBXBuildFile; fileRef = C75E0F26207E109000270791 /* Main.storyboard */; };
		C75E0F2A207E109200270791 /* Assets.xcassets in Resources */ = {isa = PBXBuildFile; fileRef = C75E0F29207E109200270791 /* Assets.xcassets */; };
		C75E0F2D207E109200270791 /* LaunchScreen.storyboard in Resources */ = {isa = PBXBuildFile; fileRef = C75E0F2B207E109200270791 /* LaunchScreen.storyboard */; };
		C75E0F37207E1B6D00270791 /* SuperViewController.swift in Sources */ = {isa = PBXBuildFile; fileRef = C75E0F36207E1B6D00270791 /* SuperViewController.swift */; };
		C79C7E4720806FDD002A759B /* CustomSliderView.swift in Sources */ = {isa = PBXBuildFile; fileRef = C75E0F34207E119600270791 /* CustomSliderView.swift */; };
/* End PBXBuildFile section */

/* Begin PBXFileReference section */
		C75E0F1F207E109000270791 /* customSildermenu.app */ = {isa = PBXFileReference; explicitFileType = wrapper.application; includeInIndex = 0; path = customSildermenu.app; sourceTree = BUILT_PRODUCTS_DIR; };
		C75E0F22207E109000270791 /* AppDelegate.swift */ = {isa = PBXFileReference; lastKnownFileType = sourcecode.swift; path = AppDelegate.swift; sourceTree = "<group>"; };
		C75E0F24207E109000270791 /* ViewController.swift */ = {isa = PBXFileReference; lastKnownFileType = sourcecode.swift; path = ViewController.swift; sourceTree = "<group>"; };
		C75E0F27207E109000270791 /* Base */ = {isa = PBXFileReference; lastKnownFileType = file.storyboard; name = Base; path = Base.lproj/Main.storyboard; sourceTree = "<group>"; };
		C75E0F29207E109200270791 /* Assets.xcassets */ = {isa = PBXFileReference; lastKnownFileType = folder.assetcatalog; path = Assets.xcassets; sourceTree = "<group>"; };
		C75E0F2C207E109200270791 /* Base */ = {isa = PBXFileReference; lastKnownFileType = file.storyboard; name = Base; path = Base.lproj/LaunchScreen.storyboard; sourceTree = "<group>"; };
		C75E0F2E207E109200270791 /* Info.plist */ = {isa = PBXFileReference; lastKnownFileType = text.plist.xml; path = Info.plist; sourceTree = "<group>"; };
		C75E0F34207E119600270791 /* CustomSliderView.swift */ = {isa = PBXFileReference; lastKnownFileType = sourcecode.swift; path = CustomSliderView.swift; sourceTree = "<group>"; };
		C75E0F36207E1B6D00270791 /* SuperViewController.swift */ = {isa = PBXFileReference; lastKnownFileType = sourcecode.swift; path = SuperViewController.swift; sourceTree = "<group>"; };
/* End PBXFileReference section */

/* Begin PBXFrameworksBuildPhase section */
		C75E0F1C207E109000270791 /* Frameworks */ = {
			isa = PBXFrameworksBuildPhase;
			buildActionMask = 2147483647;
			files = (
			);
			runOnlyForDeploymentPostprocessing = 0;
		};
/* End PBXFrameworksBuildPhase section */

/* Begin PBXGroup section */
		C75E0F16207E109000270791 = {
			isa = PBXGroup;
			children = (
				C75E0F21207E109000270791 /* customSildermenu */,
				C75E0F20207E109000270791 /* Products */,
			);
			sourceTree = "<group>";
		};
		C75E0F20207E109000270791 /* Products */ = {
			isa = PBXGroup;
			children = (
				C75E0F1F207E109000270791 /* customSildermenu.app */,
			);
			name = Products;
			sourceTree = "<group>";
		};
		C75E0F21207E109000270791 /* customSildermenu */ = {
			isa = PBXGroup;
			children = (
				C75E0F22207E109000270791 /* AppDelegate.swift */,
				C75E0F24207E109000270791 /* ViewController.swift */,
				C75E0F26207E109000270791 /* Main.storyboard */,
				C75E0F29207E109200270791 /* Assets.xcassets */,
				C75E0F2B207E109200270791 /* LaunchScreen.storyboard */,
				C75E0F2E207E109200270791 /* Info.plist */,
				C75E0F34207E119600270791 /* CustomSliderView.swift */,
				C75E0F36207E1B6D00270791 /* SuperViewController.swift */,
			);
			path = customSildermenu;
			sourceTree = "<group>";
		};
/* End PBXGroup section */

/* Begin PBXNativeTarget section */
		C75E0F1E207E109000270791 /* customSildermenu */ = {
			isa = PBXNativeTarget;
			buildConfigurationList = C75E0F31207E109200270791 /* Build configuration list for PBXNativeTarget "customSildermenu" */;
			buildPhases = (
				C75E0F1B207E109000270791 /* Sources */,
				C75E0F1C207E109000270791 /* Frameworks */,
				C75E0F1D207E109000270791 /* Resources */,
			);
			buildRules = (
			);
			dependencies = (
			);
			name = customSildermenu;
			productName = customSildermenu;
			productReference = C75E0F1F207E109000270791 /* customSildermenu.app */;
			productType = "com.apple.product-type.application";
		};
/* End PBXNativeTarget section */

/* Begin PBXProject section */
		C75E0F17207E109000270791 /* Project object */ = {
			isa = PBXProject;
			attributes = {
				LastSwiftUpdateCheck = 0930;
				LastUpgradeCheck = 0930;
				ORGANIZATIONNAME = "Sufalam 4";
				TargetAttributes = {
					C75E0F1E207E109000270791 = {
						CreatedOnToolsVersion = 9.3;
					};
				};
			};
			buildConfigurationList = C75E0F1A207E109000270791 /* Build configuration list for PBXProject "customSildermenu" */;
			compatibilityVersion = "Xcode 9.3";
			developmentRegion = en;
			hasScannedForEncodings = 0;
			knownRegions = (
				en,
				Base,
			);
			mainGroup = C75E0F16207E109000270791;
			productRefGroup = C75E0F20207E109000270791 /* Products */;
			projectDirPath = "";
			projectRoot = "";
			targets = (
				C75E0F1E207E109000270791 /* customSildermenu */,
			);
		};
/* End PBXProject section */

/* Begin PBXResourcesBuildPhase section */
		C75E0F1D207E109000270791 /* Resources */ = {
			isa = PBXResourcesBuildPhase;
			buildActionMask = 2147483647;
			files = (
				C75E0F2D207E109200270791 /* LaunchScreen.storyboard in Resources */,
				C75E0F2A207E109200270791 /* Assets.xcassets in Resources */,
				C75E0F28207E109000270791 /* Main.storyboard in Resources */,
			);
			runOnlyForDeploymentPostprocessing = 0;
		};
/* End PBXResourcesBuildPhase section */

/* Begin PBXSourcesBuildPhase section */
		C75E0F1B207E109000270791 /* Sources */ = {
			isa = PBXSourcesBuildPhase;
			buildActionMask = 2147483647;
			files = (
				C75E0F25207E109000270791 /* ViewController.swift in Sources */,
				C75E0F23207E109000270791 /* AppDelegate.swift in Sources */,
				C79C7E4720806FDD002A759B /* CustomSliderView.swift in Sources */,
				C75E0F37207E1B6D00270791 /* SuperViewController.swift in Sources */,
			);
			runOnlyForDeploymentPostprocessing = 0;
		};
/* End PBXSourcesBuildPhase section */

/* Begin PBXVariantGroup section */
		C75E0F26207E109000270791 /* Main.storyboard */ = {
			isa = PBXVariantGroup;
			children = (
				C75E0F27207E109000270791 /* Base */,
			);
			name = Main.storyboard;
			sourceTree = "<group>";
		};
		C75E0F2B207E109200270791 /* LaunchScreen.storyboard */ = {
			isa = PBXVariantGroup;
			children = (
				C75E0F2C207E109200270791 /* Base */,
			);
			name = LaunchScreen.storyboard;
			sourceTree = "<group>";
		};
/* End PBXVariantGroup section */

/* Begin XCBuildConfiguration section */
		C75E0F2F207E109200270791 /* Debug */ = {
			isa = XCBuildConfiguration;
			buildSettings = {
				ALWAYS_SEARCH_USER_PATHS = NO;
				CLANG_ANALYZER_NONNULL = YES;
				CLANG_ANALYZER_NUMBER_OBJECT_CONVERSION = YES_AGGRESSIVE;
				CLANG_CXX_LANGUAGE_STANDARD = "gnu++14";
				CLANG_CXX_LIBRARY = "libc++";
				CLANG_ENABLE_MODULES = YES;
				CLANG_ENABLE_OBJC_ARC = YES;
				CLANG_ENABLE_OBJC_WEAK = YES;
				CLANG_WARN_BLOCK_CAPTURE_AUTORELEASING = YES;
				CLANG_WARN_BOOL_CONVERSION = YES;
				CLANG_WARN_COMMA = YES;
				CLANG_WARN_CONSTANT_CONVERSION = YES;
				CLANG_WARN_DEPRECATED_OBJC_IMPLEMENTATIONS = YES;
				CLANG_WARN_DIRECT_OBJC_ISA_USAGE = YES_ERROR;
				CLANG_WARN_DOCUMENTATION_COMMENTS = YES;
				CLANG_WARN_EMPTY_BODY = YES;
				CLANG_WARN_ENUM_CONVERSION = YES;
				CLANG_WARN_INFINITE_RECURSION = YES;
				CLANG_WARN_INT_CONVERSION = YES;
				CLANG_WARN_NON_LITERAL_NULL_CONVERSION = YES;
				CLANG_WARN_OBJC_IMPLICIT_RETAIN_SELF = YES;
				CLANG_WARN_OBJC_LITERAL_CONVERSION = YES;
				CLANG_WARN_OBJC_ROOT_CLASS = YES_ERROR;
				CLANG_WARN_RANGE_LOOP_ANALYSIS = YES;
				CLANG_WARN_STRICT_PROTOTYPES = YES;
				CLANG_WARN_SUSPICIOUS_MOVE = YES;
				CLANG_WARN_UNGUARDED_AVAILABILITY = YES_AGGRESSIVE;
				CLANG_WARN_UNREACHABLE_CODE = YES;
				CLANG_WARN__DUPLICATE_METHOD_MATCH = YES;
				CODE_SIGN_IDENTITY = "iPhone Developer";
				COPY_PHASE_STRIP = NO;
				DEBUG_INFORMATION_FORMAT = dwarf;
				ENABLE_STRICT_OBJC_MSGSEND = YES;
				ENABLE_TESTABILITY = YES;
				GCC_C_LANGUAGE_STANDARD = gnu11;
				GCC_DYNAMIC_NO_PIC = NO;
				GCC_NO_COMMON_BLOCKS = YES;
				GCC_OPTIMIZATION_LEVEL = 0;
				GCC_PREPROCESSOR_DEFINITIONS = (
					"DEBUG=1",
					"$(inherited)",
				);
				GCC_WARN_64_TO_32_BIT_CONVERSION = YES;
				GCC_WARN_ABOUT_RETURN_TYPE = YES_ERROR;
				GCC_WARN_UNDECLARED_SELECTOR = YES;
				GCC_WARN_UNINITIALIZED_AUTOS = YES_AGGRESSIVE;
				GCC_WARN_UNUSED_FUNCTION = YES;
				GCC_WARN_UNUSED_VARIABLE = YES;
				IPHONEOS_DEPLOYMENT_TARGET = 11.3;
				MTL_ENABLE_DEBUG_INFO = YES;
				ONLY_ACTIVE_ARCH = YES;
				SDKROOT = iphoneos;
				SWIFT_ACTIVE_COMPILATION_CONDITIONS = DEBUG;
				SWIFT_OPTIMIZATION_LEVEL = "-Onone";
			};
			name = Debug;
		};
		C75E0F30207E109200270791 /* Release */ = {
			isa = XCBuildConfiguration;
			buildSettings = {
				ALWAYS_SEARCH_USER_PATHS = NO;
				CLANG_ANALYZER_NONNULL = YES;
				CLANG_ANALYZER_NUMBER_OBJECT_CONVERSION = YES_AGGRESSIVE;
				CLANG_CXX_LANGUAGE_STANDARD = "gnu++14";
				CLANG_CXX_LIBRARY = "libc++";
				CLANG_ENABLE_MODULES = YES;
				CLANG_ENABLE_OBJC_ARC = YES;
				CLANG_ENABLE_OBJC_WEAK = YES;
				CLANG_WARN_BLOCK_CAPTURE_AUTORELEASING = YES;
				CLANG_WARN_BOOL_CONVERSION = YES;
				CLANG_WARN_COMMA = YES;
				CLANG_WARN_CONSTANT_CONVERSION = YES;
				CLANG_WARN_DEPRECATED_OBJC_IMPLEMENTATIONS = YES;
				CLANG_WARN_DIRECT_OBJC_ISA_USAGE = YES_ERROR;
				CLANG_WARN_DOCUMENTATION_COMMENTS = YES;
				CLANG_WARN_EMPTY_BODY = YES;
				CLANG_WARN_ENUM_CONVERSION = YES;
				CLANG_WARN_INFINITE_RECURSION = YES;
				CLANG_WARN_INT_CONVERSION = YES;
				CLANG_WARN_NON_LITERAL_NULL_CONVERSION = YES;
				CLANG_WARN_OBJC_IMPLICIT_RETAIN_SELF = YES;
				CLANG_WARN_OBJC_LITERAL_CONVERSION = YES;
				CLANG_WARN_OBJC_ROOT_CLASS = YES_ERROR;
				CLANG_WARN_RANGE_LOOP_ANALYSIS = YES;
				CLANG_WARN_STRICT_PROTOTYPES = YES;
				CLANG_WARN_SUSPICIOUS_MOVE = YES;
				CLANG_WARN_UNGUARDED_AVAILABILITY = YES_AGGRESSIVE;
				CLANG_WARN_UNREACHABLE_CODE = YES;
				CLANG_WARN__DUPLICATE_METHOD_MATCH = YES;
				CODE_SIGN_IDENTITY = "iPhone Developer";
				COPY_PHASE_STRIP = NO;
				DEBUG_INFORMATION_FORMAT = "dwarf-with-dsym";
				ENABLE_NS_ASSERTIONS = NO;
				ENABLE_STRICT_OBJC_MSGSEND = YES;
				GCC_C_LANGUAGE_STANDARD = gnu11;
				GCC_NO_COMMON_BLOCKS = YES;
				GCC_WARN_64_TO_32_BIT_CONVERSION = YES;
				GCC_WARN_ABOUT_RETURN_TYPE = YES_ERROR;
				GCC_WARN_UNDECLARED_SELECTOR = YES;
				GCC_WARN_UNINITIALIZED_AUTOS = YES_AGGRESSIVE;
				GCC_WARN_UNUSED_FUNCTION = YES;
				GCC_WARN_UNUSED_VARIABLE = YES;
				IPHONEOS_DEPLOYMENT_TARGET = 11.3;
				MTL_ENABLE_DEBUG_INFO = NO;
				SDKROOT = iphoneos;
				SWIFT_COMPILATION_MODE = wholemodule;
				SWIFT_OPTIMIZATION_LEVEL = "-O";
				VALIDATE_PRODUCT = YES;
			};
			name = Release;
		};
		C75E0F32207E109200270791 /* Debug */ = {
			isa = XCBuildConfiguration;
			buildSettings = {
				ASSETCATALOG_COMPILER_APPICON_NAME = AppIcon;
				CODE_SIGN_STYLE = Automatic;
				DEVELOPMENT_TEAM = 4D7WM9KH8K;
				INFOPLIST_FILE = customSildermenu/Info.plist;
				LD_RUNPATH_SEARCH_PATHS = (
					"$(inherited)",
					"@executable_path/Frameworks",
				);
				PRODUCT_BUNDLE_IDENTIFIER = com.customSildermenu;
				PRODUCT_NAME = "$(TARGET_NAME)";
				SWIFT_VERSION = 4.0;
				TARGETED_DEVICE_FAMILY = "1,2";
			};
			name = Debug;
		};
		C75E0F33207E109200270791 /* Release */ = {
			isa = XCBuildConfiguration;
			buildSettings = {
				ASSETCATALOG_COMPILER_APPICON_NAME = AppIcon;
				CODE_SIGN_STYLE = Automatic;
				DEVELOPMENT_TEAM = 4D7WM9KH8K;
				INFOPLIST_FILE = customSildermenu/Info.plist;
				LD_RUNPATH_SEARCH_PATHS = (
					"$(inherited)",
					"@executable_path/Frameworks",
				);
				PRODUCT_BUNDLE_IDENTIFIER = com.customSildermenu;
				PRODUCT_NAME = "$(TARGET_NAME)";
				SWIFT_VERSION = 4.0;
				TARGETED_DEVICE_FAMILY = "1,2";
			};
			name = Release;
		};
/* End XCBuildConfiguration section */

/* Begin XCConfigurationList section */
		C75E0F1A207E109000270791 /* Build configuration list for PBXProject "customSildermenu" */ = {
			isa = XCConfigurationList;
			buildConfigurations = (
				C75E0F2F207E109200270791 /* Debug */,
				C75E0F30207E109200270791 /* Release */,
			);
			defaultConfigurationIsVisible = 0;
			defaultConfigurationName = Release;
		};
		C75E0F31207E109200270791 /* Build configuration list for PBXNativeTarget "customSildermenu" */ = {
			isa = XCConfigurationList;
			buildConfigurations = (
				C75E0F32207E109200270791 /* Debug */,
				C75E0F33207E109200270791 /* Release */,
			);
			defaultConfigurationIsVisible = 0;
			defaultConfigurationName = Release;
		};
/* End XCConfigurationList section */
	};
	rootObject = C75E0F17207E109000270791 /* Project object */;
}
